// !$*UTF8*$!
{
	archiveVersion = 1;
	classes = {
	};
	objectVersion = 55;
	objects = {

/* Begin PBXBuildFile section */
		FBDA991F27F705B900B6594B /* AppDelegate.m in Sources */ = {isa = PBXBuildFile; fileRef = FBDA991E27F705B900B6594B /* AppDelegate.m */; };
		FBDA992227F705B900B6594B /* SceneDelegate.m in Sources */ = {isa = PBXBuildFile; fileRef = FBDA992127F705B900B6594B /* SceneDelegate.m */; };
		FBDA992527F705B900B6594B /* ViewController.m in Sources */ = {isa = PBXBuildFile; fileRef = FBDA992427F705B900B6594B /* ViewController.m */; };
		FBDA992827F705B900B6594B /* Main.storyboard in Resources */ = {isa = PBXBuildFile; fileRef = FBDA992627F705B900B6594B /* Main.storyboard */; };
		FBDA992A27F705B900B6594B /* Assets.xcassets in Resources */ = {isa = PBXBuildFile; fileRef = FBDA992927F705B900B6594B /* Assets.xcassets */; };
		FBDA992D27F705B900B6594B /* LaunchScreen.storyboard in Resources */ = {isa = PBXBuildFile; fileRef = FBDA992B27F705B900B6594B /* LaunchScreen.storyboard */; };
		FBDA993027F705B900B6594B /* main.m in Sources */ = {isa = PBXBuildFile; fileRef = FBDA992F27F705B900B6594B /* main.m */; };
		FBDA993A27F705B900B6594B /* HomeModuleDemoTests.m in Sources */ = {isa = PBXBuildFile; fileRef = FBDA993927F705B900B6594B /* HomeModuleDemoTests.m */; };
		FBDA994427F705BA00B6594B /* HomeModuleDemoUITests.m in Sources */ = {isa = PBXBuildFile; fileRef = FBDA994327F705BA00B6594B /* HomeModuleDemoUITests.m */; };
		FBDA994627F705BA00B6594B /* HomeModuleDemoUITestsLaunchTests.m in Sources */ = {isa = PBXBuildFile; fileRef = FBDA994527F705BA00B6594B /* HomeModuleDemoUITestsLaunchTests.m */; };
/* End PBXBuildFile section */

/* Begin PBXContainerItemProxy section */
		FBDA993627F705B900B6594B /* PBXContainerItemProxy */ = {
			isa = PBXContainerItemProxy;
			containerPortal = FBDA991227F705B900B6594B /* Project object */;
			proxyType = 1;
			remoteGlobalIDString = FBDA991927F705B900B6594B;
			remoteInfo = HomeModuleDemo;
		};
		FBDA994027F705BA00B6594B /* PBXContainerItemProxy */ = {
			isa = PBXContainerItemProxy;
			containerPortal = FBDA991227F705B900B6594B /* Project object */;
			proxyType = 1;
			remoteGlobalIDString = FBDA991927F705B900B6594B;
			remoteInfo = HomeModuleDemo;
		};
/* End PBXContainerItemProxy section */

/* Begin PBXFileReference section */
		FBDA991A27F705B900B6594B /* HomeModuleDemo.app */ = {isa = PBXFileReference; explicitFileType = wrapper.application; includeInIndex = 0; path = HomeModuleDemo.app; sourceTree = BUILT_PRODUCTS_DIR; };
		FBDA991D27F705B900B6594B /* AppDelegate.h */ = {isa = PBXFileReference; lastKnownFileType = sourcecode.c.h; path = AppDelegate.h; sourceTree = "<group>"; };
		FBDA991E27F705B900B6594B /* AppDelegate.m */ = {isa = PBXFileReference; lastKnownFileType = sourcecode.c.objc; path = AppDelegate.m; sourceTree = "<group>"; };
		FBDA992027F705B900B6594B /* SceneDelegate.h */ = {isa = PBXFileReference; lastKnownFileType = sourcecode.c.h; path = SceneDelegate.h; sourceTree = "<group>"; };
		FBDA992127F705B900B6594B /* SceneDelegate.m */ = {isa = PBXFileReference; lastKnownFileType = sourcecode.c.objc; path = SceneDelegate.m; sourceTree = "<group>"; };
		FBDA992327F705B900B6594B /* ViewController.h */ = {isa = PBXFileReference; lastKnownFileType = sourcecode.c.h; path = ViewController.h; sourceTree = "<group>"; };
		FBDA992427F705B900B6594B /* ViewController.m */ = {isa = PBXFileReference; lastKnownFileType = sourcecode.c.objc; path = ViewController.m; sourceTree = "<group>"; };
		FBDA992727F705B900B6594B /* Base */ = {isa = PBXFileReference; lastKnownFileType = file.storyboard; name = Base; path = Base.lproj/Main.storyboard; sourceTree = "<group>"; };
		FBDA992927F705B900B6594B /* Assets.xcassets */ = {isa = PBXFileReference; lastKnownFileType = folder.assetcatalog; path = Assets.xcassets; sourceTree = "<group>"; };
		FBDA992C27F705B900B6594B /* Base */ = {isa = PBXFileReference; lastKnownFileType = file.storyboard; name = Base; path = Base.lproj/LaunchScreen.storyboard; sourceTree = "<group>"; };
		FBDA992E27F705B900B6594B /* Info.plist */ = {isa = PBXFileReference; lastKnownFileType = text.plist.xml; path = Info.plist; sourceTree = "<group>"; };
		FBDA992F27F705B900B6594B /* main.m */ = {isa = PBXFileReference; lastKnownFileType = sourcecode.c.objc; path = main.m; sourceTree = "<group>"; };
		FBDA993527F705B900B6594B /* HomeModuleDemoTests.xctest */ = {isa = PBXFileReference; explicitFileType = wrapper.cfbundle; includeInIndex = 0; path = HomeModuleDemoTests.xctest; sourceTree = BUILT_PRODUCTS_DIR; };
		FBDA993927F705B900B6594B /* HomeModuleDemoTests.m */ = {isa = PBXFileReference; lastKnownFileType = sourcecode.c.objc; path = HomeModuleDemoTests.m; sourceTree = "<group>"; };
		FBDA993F27F705BA00B6594B /* HomeModuleDemoUITests.xctest */ = {isa = PBXFileReference; explicitFileType = wrapper.cfbundle; includeInIndex = 0; path = HomeModuleDemoUITests.xctest; sourceTree = BUILT_PRODUCTS_DIR; };
		FBDA994327F705BA00B6594B /* HomeModuleDemoUITests.m */ = {isa = PBXFileReference; lastKnownFileType = sourcecode.c.objc; path = HomeModuleDemoUITests.m; sourceTree = "<group>"; };
		FBDA994527F705BA00B6594B /* HomeModuleDemoUITestsLaunchTests.m */ = {isa = PBXFileReference; lastKnownFileType = sourcecode.c.objc; path = HomeModuleDemoUITestsLaunchTests.m; sourceTree = "<group>"; };
/* End PBXFileReference section */

/* Begin PBXFrameworksBuildPhase section */
		FBDA991727F705B900B6594B /* Frameworks */ = {
			isa = PBXFrameworksBuildPhase;
			buildActionMask = 2147483647;
			files = (
			);
			runOnlyForDeploymentPostprocessing = 0;
		};
		FBDA993227F705B900B6594B /* Frameworks */ = {
			isa = PBXFrameworksBuildPhase;
			buildActionMask = 2147483647;
			files = (
			);
			runOnlyForDeploymentPostprocessing = 0;
		};
		FBDA993C27F705BA00B6594B /* Frameworks */ = {
			isa = PBXFrameworksBuildPhase;
			buildActionMask = 2147483647;
			files = (
			);
			runOnlyForDeploymentPostprocessing = 0;
		};
/* End PBXFrameworksBuildPhase section */

/* Begin PBXGroup section */
		FBDA991127F705B900B6594B = {
			isa = PBXGroup;
			children = (
				FBDA991C27F705B900B6594B /* HomeModuleDemo */,
				FBDA993827F705B900B6594B /* HomeModuleDemoTests */,
				FBDA994227F705BA00B6594B /* HomeModuleDemoUITests */,
				FBDA991B27F705B900B6594B /* Products */,
			);
			sourceTree = "<group>";
		};
		FBDA991B27F705B900B6594B /* Products */ = {
			isa = PBXGroup;
			children = (
				FBDA991A27F705B900B6594B /* HomeModuleDemo.app */,
				FBDA993527F705B900B6594B /* HomeModuleDemoTests.xctest */,
				FBDA993F27F705BA00B6594B /* HomeModuleDemoUITests.xctest */,
			);
			name = Products;
			sourceTree = "<group>";
		};
		FBDA991C27F705B900B6594B /* HomeModuleDemo */ = {
			isa = PBXGroup;
			children = (
				FBDA991D27F705B900B6594B /* AppDelegate.h */,
				FBDA991E27F705B900B6594B /* AppDelegate.m */,
				FBDA992027F705B900B6594B /* SceneDelegate.h */,
				FBDA992127F705B900B6594B /* SceneDelegate.m */,
				FBDA992327F705B900B6594B /* ViewController.h */,
				FBDA992427F705B900B6594B /* ViewController.m */,
				FBDA992627F705B900B6594B /* Main.storyboard */,
				FBDA992927F705B900B6594B /* Assets.xcassets */,
				FBDA992B27F705B900B6594B /* LaunchScreen.storyboard */,
				FBDA992E27F705B900B6594B /* Info.plist */,
				FBDA992F27F705B900B6594B /* main.m */,
			);
			path = HomeModuleDemo;
			sourceTree = "<group>";
		};
		FBDA993827F705B900B6594B /* HomeModuleDemoTests */ = {
			isa = PBXGroup;
			children = (
				FBDA993927F705B900B6594B /* HomeModuleDemoTests.m */,
			);
			path = HomeModuleDemoTests;
			sourceTree = "<group>";
		};
		FBDA994227F705BA00B6594B /* HomeModuleDemoUITests */ = {
			isa = PBXGroup;
			children = (
				FBDA994327F705BA00B6594B /* HomeModuleDemoUITests.m */,
				FBDA994527F705BA00B6594B /* HomeModuleDemoUITestsLaunchTests.m */,
			);
			path = HomeModuleDemoUITests;
			sourceTree = "<group>";
		};
/* End PBXGroup section */

/* Begin PBXNativeTarget section */
		FBDA991927F705B900B6594B /* HomeModuleDemo */ = {
			isa = PBXNativeTarget;
			buildConfigurationList = FBDA994927F705BA00B6594B /* Build configuration list for PBXNativeTarget "HomeModuleDemo" */;
			buildPhases = (
				FBDA991627F705B900B6594B /* Sources */,
				FBDA991727F705B900B6594B /* Frameworks */,
				FBDA991827F705B900B6594B /* Resources */,
			);
			buildRules = (
			);
			dependencies = (
			);
			name = HomeModuleDemo;
			productName = HomeModuleDemo;
			productReference = FBDA991A27F705B900B6594B /* HomeModuleDemo.app */;
			productType = "com.apple.product-type.application";
		};
		FBDA993427F705B900B6594B /* HomeModuleDemoTests */ = {
			isa = PBXNativeTarget;
			buildConfigurationList = FBDA994C27F705BA00B6594B /* Build configuration list for PBXNativeTarget "HomeModuleDemoTests" */;
			buildPhases = (
				FBDA993127F705B900B6594B /* Sources */,
				FBDA993227F705B900B6594B /* Frameworks */,
				FBDA993327F705B900B6594B /* Resources */,
			);
			buildRules = (
			);
			dependencies = (
				FBDA993727F705B900B6594B /* PBXTargetDependency */,
			);
			name = HomeModuleDemoTests;
			productName = HomeModuleDemoTests;
			productReference = FBDA993527F705B900B6594B /* HomeModuleDemoTests.xctest */;
			productType = "com.apple.product-type.bundle.unit-test";
		};
		FBDA993E27F705BA00B6594B /* HomeModuleDemoUITests */ = {
			isa = PBXNativeTarget;
			buildConfigurationList = FBDA994F27F705BA00B6594B /* Build configuration list for PBXNativeTarget "HomeModuleDemoUITests" */;
			buildPhases = (
				FBDA993B27F705BA00B6594B /* Sources */,
				FBDA993C27F705BA00B6594B /* Frameworks */,
				FBDA993D27F705BA00B6594B /* Resources */,
			);
			buildRules = (
			);
			dependencies = (
				FBDA994127F705BA00B6594B /* PBXTargetDependency */,
			);
			name = HomeModuleDemoUITests;
			productName = HomeModuleDemoUITests;
			productReference = FBDA993F27F705BA00B6594B /* HomeModuleDemoUITests.xctest */;
			productType = "com.apple.product-type.bundle.ui-testing";
		};
/* End PBXNativeTarget section */

/* Begin PBXProject section */
		FBDA991227F705B900B6594B /* Project object */ = {
			isa = PBXProject;
			attributes = {
				BuildIndependentTargetsInParallel = 1;
				LastUpgradeCheck = 1320;
				TargetAttributes = {
					FBDA991927F705B900B6594B = {
						CreatedOnToolsVersion = 13.2.1;
					};
					FBDA993427F705B900B6594B = {
						CreatedOnToolsVersion = 13.2.1;
						TestTargetID = FBDA991927F705B900B6594B;
					};
					FBDA993E27F705BA00B6594B = {
						CreatedOnToolsVersion = 13.2.1;
						TestTargetID = FBDA991927F705B900B6594B;
					};
				};
			};
			buildConfigurationList = FBDA991527F705B900B6594B /* Build configuration list for PBXProject "HomeModuleDemo" */;
			compatibilityVersion = "Xcode 13.0";
			developmentRegion = en;
			hasScannedForEncodings = 0;
			knownRegions = (
				en,
				Base,
			);
			mainGroup = FBDA991127F705B900B6594B;
			productRefGroup = FBDA991B27F705B900B6594B /* Products */;
			projectDirPath = "";
			projectRoot = "";
			targets = (
				FBDA991927F705B900B6594B /* HomeModuleDemo */,
				FBDA993427F705B900B6594B /* HomeModuleDemoTests */,
				FBDA993E27F705BA00B6594B /* HomeModuleDemoUITests */,
			);
		};
/* End PBXProject section */

/* Begin PBXResourcesBuildPhase section */
		FBDA991827F705B900B6594B /* Resources */ = {
			isa = PBXResourcesBuildPhase;
			buildActionMask = 2147483647;
			files = (
				FBDA992D27F705B900B6594B /* LaunchScreen.storyboard in Resources */,
				FBDA992A27F705B900B6594B /* Assets.xcassets in Resources */,
				FBDA992827F705B900B6594B /* Main.storyboard in Resources */,
			);
			runOnlyForDeploymentPostprocessing = 0;
		};
		FBDA993327F705B900B6594B /* Resources */ = {
			isa = PBXResourcesBuildPhase;
			buildActionMask = 2147483647;
			files = (
			);
			runOnlyForDeploymentPostprocessing = 0;
		};
		FBDA993D27F705BA00B6594B /* Resources */ = {
			isa = PBXResourcesBuildPhase;
			buildActionMask = 2147483647;
			files = (
			);
			runOnlyForDeploymentPostprocessing = 0;
		};
/* End PBXResourcesBuildPhase section */

/* Begin PBXSourcesBuildPhase section */
		FBDA991627F705B900B6594B /* Sources */ = {
			isa = PBXSourcesBuildPhase;
			buildActionMask = 2147483647;
			files = (
				FBDA992527F705B900B6594B /* ViewController.m in Sources */,
				FBDA991F27F705B900B6594B /* AppDelegate.m in Sources */,
				FBDA993027F705B900B6594B /* main.m in Sources */,
				FBDA992227F705B900B6594B /* SceneDelegate.m in Sources */,
			);
			runOnlyForDeploymentPostprocessing = 0;
		};
		FBDA993127F705B900B6594B /* Sources */ = {
			isa = PBXSourcesBuildPhase;
			buildActionMask = 2147483647;
			files = (
				FBDA993A27F705B900B6594B /* HomeModuleDemoTests.m in Sources */,
			);
			runOnlyForDeploymentPostprocessing = 0;
		};
		FBDA993B27F705BA00B6594B /* Sources */ = {
			isa = PBXSourcesBuildPhase;
			buildActionMask = 2147483647;
			files = (
				FBDA994627F705BA00B6594B /* HomeModuleDemoUITestsLaunchTests.m in Sources */,
				FBDA994427F705BA00B6594B /* HomeModuleDemoUITests.m in Sources */,
			);
			runOnlyForDeploymentPostprocessing = 0;
		};
/* End PBXSourcesBuildPhase section */

/* Begin PBXTargetDependency section */
		FBDA993727F705B900B6594B /* PBXTargetDependency */ = {
			isa = PBXTargetDependency;
			target = FBDA991927F705B900B6594B /* HomeModuleDemo */;
			targetProxy = FBDA993627F705B900B6594B /* PBXContainerItemProxy */;
		};
		FBDA994127F705BA00B6594B /* PBXTargetDependency */ = {
			isa = PBXTargetDependency;
			target = FBDA991927F705B900B6594B /* HomeModuleDemo */;
			targetProxy = FBDA994027F705BA00B6594B /* PBXContainerItemProxy */;
		};
/* End PBXTargetDependency section */

/* Begin PBXVariantGroup section */
		FBDA992627F705B900B6594B /* Main.storyboard */ = {
			isa = PBXVariantGroup;
			children = (
				FBDA992727F705B900B6594B /* Base */,
			);
			name = Main.storyboard;
			sourceTree = "<group>";
		};
		FBDA992B27F705B900B6594B /* LaunchScreen.storyboard */ = {
			isa = PBXVariantGroup;
			children = (
				FBDA992C27F705B900B6594B /* Base */,
			);
			name = LaunchScreen.storyboard;
			sourceTree = "<group>";
		};
/* End PBXVariantGroup section */

/* Begin XCBuildConfiguration section */
		FBDA994727F705BA00B6594B /* Debug */ = {
			isa = XCBuildConfiguration;
			buildSettings = {
				ALWAYS_SEARCH_USER_PATHS = NO;
				CLANG_ANALYZER_NONNULL = YES;
				CLANG_ANALYZER_NUMBER_OBJECT_CONVERSION = YES_AGGRESSIVE;
				CLANG_CXX_LANGUAGE_STANDARD = "gnu++17";
				CLANG_CXX_LIBRARY = "libc++";
				CLANG_ENABLE_MODULES = YES;
				CLANG_ENABLE_OBJC_ARC = YES;
				CLANG_ENABLE_OBJC_WEAK = YES;
				CLANG_WARN_BLOCK_CAPTURE_AUTORELEASING = YES;
				CLANG_WARN_BOOL_CONVERSION = YES;
				CLANG_WARN_COMMA = YES;
				CLANG_WARN_CONSTANT_CONVERSION = YES;
				CLANG_WARN_DEPRECATED_OBJC_IMPLEMENTATIONS = YES;
				CLANG_WARN_DIRECT_OBJC_ISA_USAGE = YES_ERROR;
				CLANG_WARN_DOCUMENTATION_COMMENTS = YES;
				CLANG_WARN_EMPTY_BODY = YES;
				CLANG_WARN_ENUM_CONVERSION = YES;
				CLANG_WARN_INFINITE_RECURSION = YES;
				CLANG_WARN_INT_CONVERSION = YES;
				CLANG_WARN_NON_LITERAL_NULL_CONVERSION = YES;
				CLANG_WARN_OBJC_IMPLICIT_RETAIN_SELF = YES;
				CLANG_WARN_OBJC_LITERAL_CONVERSION = YES;
				CLANG_WARN_OBJC_ROOT_CLASS = YES_ERROR;
				CLANG_WARN_QUOTED_INCLUDE_IN_FRAMEWORK_HEADER = YES;
				CLANG_WARN_RANGE_LOOP_ANALYSIS = YES;
				CLANG_WARN_STRICT_PROTOTYPES = YES;
				CLANG_WARN_SUSPICIOUS_MOVE = YES;
				CLANG_WARN_UNGUARDED_AVAILABILITY = YES_AGGRESSIVE;
				CLANG_WARN_UNREACHABLE_CODE = YES;
				CLANG_WARN__DUPLICATE_METHOD_MATCH = YES;
				COPY_PHASE_STRIP = NO;
				DEBUG_INFORMATION_FORMAT = dwarf;
				ENABLE_STRICT_OBJC_MSGSEND = YES;
				ENABLE_TESTABILITY = YES;
				GCC_C_LANGUAGE_STANDARD = gnu11;
				GCC_DYNAMIC_NO_PIC = NO;
				GCC_NO_COMMON_BLOCKS = YES;
				GCC_OPTIMIZATION_LEVEL = 0;
				GCC_PREPROCESSOR_DEFINITIONS = (
					"DEBUG=1",
					"$(inherited)",
				);
				GCC_WARN_64_TO_32_BIT_CONVERSION = YES;
				GCC_WARN_ABOUT_RETURN_TYPE = YES_ERROR;
				GCC_WARN_UNDECLARED_SELECTOR = YES;
				GCC_WARN_UNINITIALIZED_AUTOS = YES_AGGRESSIVE;
				GCC_WARN_UNUSED_FUNCTION = YES;
				GCC_WARN_UNUSED_VARIABLE = YES;
				IPHONEOS_DEPLOYMENT_TARGET = 15.2;
				MTL_ENABLE_DEBUG_INFO = INCLUDE_SOURCE;
				MTL_FAST_MATH = YES;
				ONLY_ACTIVE_ARCH = YES;
				SDKROOT = iphoneos;
			};
			name = Debug;
		};
		FBDA994827F705BA00B6594B /* Release */ = {
			isa = XCBuildConfiguration;
			buildSettings = {
				ALWAYS_SEARCH_USER_PATHS = NO;
				CLANG_ANALYZER_NONNULL = YES;
				CLANG_ANALYZER_NUMBER_OBJECT_CONVERSION = YES_AGGRESSIVE;
				CLANG_CXX_LANGUAGE_STANDARD = "gnu++17";
				CLANG_CXX_LIBRARY = "libc++";
				CLANG_ENABLE_MODULES = YES;
				CLANG_ENABLE_OBJC_ARC = YES;
				CLANG_ENABLE_OBJC_WEAK = YES;
				CLANG_WARN_BLOCK_CAPTURE_AUTORELEASING = YES;
				CLANG_WARN_BOOL_CONVERSION = YES;
				CLANG_WARN_COMMA = YES;
				CLANG_WARN_CONSTANT_CONVERSION = YES;
				CLANG_WARN_DEPRECATED_OBJC_IMPLEMENTATIONS = YES;
				CLANG_WARN_DIRECT_OBJC_ISA_USAGE = YES_ERROR;
				CLANG_WARN_DOCUMENTATION_COMMENTS = YES;
				CLANG_WARN_EMPTY_BODY = YES;
				CLANG_WARN_ENUM_CONVERSION = YES;
				CLANG_WARN_INFINITE_RECURSION = YES;
				CLANG_WARN_INT_CONVERSION = YES;
				CLANG_WARN_NON_LITERAL_NULL_CONVERSION = YES;
				CLANG_WARN_OBJC_IMPLICIT_RETAIN_SELF = YES;
				CLANG_WARN_OBJC_LITERAL_CONVERSION = YES;
				CLANG_WARN_OBJC_ROOT_CLASS = YES_ERROR;
				CLANG_WARN_QUOTED_INCLUDE_IN_FRAMEWORK_HEADER = YES;
				CLANG_WARN_RANGE_LOOP_ANALYSIS = YES;
				CLANG_WARN_STRICT_PROTOTYPES = YES;
				CLANG_WARN_SUSPICIOUS_MOVE = YES;
				CLANG_WARN_UNGUARDED_AVAILABILITY = YES_AGGRESSIVE;
				CLANG_WARN_UNREACHABLE_CODE = YES;
				CLANG_WARN__DUPLICATE_METHOD_MATCH = YES;
				COPY_PHASE_STRIP = NO;
				DEBUG_INFORMATION_FORMAT = "dwarf-with-dsym";
				ENABLE_NS_ASSERTIONS = NO;
				ENABLE_STRICT_OBJC_MSGSEND = YES;
				GCC_C_LANGUAGE_STANDARD = gnu11;
				GCC_NO_COMMON_BLOCKS = YES;
				GCC_WARN_64_TO_32_BIT_CONVERSION = YES;
				GCC_WARN_ABOUT_RETURN_TYPE = YES_ERROR;
				GCC_WARN_UNDECLARED_SELECTOR = YES;
				GCC_WARN_UNINITIALIZED_AUTOS = YES_AGGRESSIVE;
				GCC_WARN_UNUSED_FUNCTION = YES;
				GCC_WARN_UNUSED_VARIABLE = YES;
				IPHONEOS_DEPLOYMENT_TARGET = 15.2;
				MTL_ENABLE_DEBUG_INFO = NO;
				MTL_FAST_MATH = YES;
				SDKROOT = iphoneos;
				VALIDATE_PRODUCT = YES;
			};
			name = Release;
		};
		FBDA994A27F705BA00B6594B /* Debug */ = {
			isa = XCBuildConfiguration;
			buildSettings = {
				ASSETCATALOG_COMPILER_APPICON_NAME = AppIcon;
				ASSETCATALOG_COMPILER_GLOBAL_ACCENT_COLOR_NAME = AccentColor;
				CODE_SIGN_STYLE = Automatic;
				CURRENT_PROJECT_VERSION = 1;
				DEVELOPMENT_TEAM = 72A9RP4B4U;
				GENERATE_INFOPLIST_FILE = YES;
				INFOPLIST_FILE = HomeModuleDemo/Info.plist;
				INFOPLIST_KEY_UIApplicationSupportsIndirectInputEvents = YES;
				INFOPLIST_KEY_UILaunchStoryboardName = LaunchScreen;
				INFOPLIST_KEY_UIMainStoryboardFile = Main;
				INFOPLIST_KEY_UISupportedInterfaceOrientations_iPad = "UIInterfaceOrientationPortrait UIInterfaceOrientationPortraitUpsideDown UIInterfaceOrientationLandscapeLeft UIInterfaceOrientationLandscapeRight";
				INFOPLIST_KEY_UISupportedInterfaceOrientations_iPhone = "UIInterfaceOrientationPortrait UIInterfaceOrientationLandscapeLeft UIInterfaceOrientationLandscapeRight";
				LD_RUNPATH_SEARCH_PATHS = (
					"$(inherited)",
					"@executable_path/Frameworks",
				);
				MARKETING_VERSION = 1.0;
				PRODUCT_BUNDLE_IDENTIFIER = jiangyue.club.HomeModuleDemo;
				PRODUCT_NAME = "$(TARGET_NAME)";
				SWIFT_EMIT_LOC_STRINGS = YES;
				TARGETED_DEVICE_FAMILY = "1,2";
			};
			name = Debug;
		};
		FBDA994B27F705BA00B6594B /* Release */ = {
			isa = XCBuildConfiguration;
			buildSettings = {
				ASSETCATALOG_COMPILER_APPICON_NAME = AppIcon;
				ASSETCATALOG_COMPILER_GLOBAL_ACCENT_COLOR_NAME = AccentColor;
				CODE_SIGN_STYLE = Automatic;
				CURRENT_PROJECT_VERSION = 1;
				DEVELOPMENT_TEAM = 72A9RP4B4U;
				GENERATE_INFOPLIST_FILE = YES;
				INFOPLIST_FILE = HomeModuleDemo/Info.plist;
				INFOPLIST_KEY_UIApplicationSupportsIndirectInputEvents = YES;
				INFOPLIST_KEY_UILaunchStoryboardName = LaunchScreen;
				INFOPLIST_KEY_UIMainStoryboardFile = Main;
				INFOPLIST_KEY_UISupportedInterfaceOrientations_iPad = "UIInterfaceOrientationPortrait UIInterfaceOrientationPortraitUpsideDown UIInterfaceOrientationLandscapeLeft UIInterfaceOrientationLandscapeRight";
				INFOPLIST_KEY_UISupportedInterfaceOrientations_iPhone = "UIInterfaceOrientationPortrait UIInterfaceOrientationLandscapeLeft UIInterfaceOrientationLandscapeRight";
				LD_RUNPATH_SEARCH_PATHS = (
					"$(inherited)",
					"@executable_path/Frameworks",
				);
				MARKETING_VERSION = 1.0;
				PRODUCT_BUNDLE_IDENTIFIER = jiangyue.club.HomeModuleDemo;
				PRODUCT_NAME = "$(TARGET_NAME)";
				SWIFT_EMIT_LOC_STRINGS = YES;
				TARGETED_DEVICE_FAMILY = "1,2";
			};
			name = Release;
		};
		FBDA994D27F705BA00B6594B /* Debug */ = {
			isa = XCBuildConfiguration;
			buildSettings = {
				BUNDLE_LOADER = "$(TEST_HOST)";
				CODE_SIGN_STYLE = Automatic;
				CURRENT_PROJECT_VERSION = 1;
				DEVELOPMENT_TEAM = 72A9RP4B4U;
				GENERATE_INFOPLIST_FILE = YES;
				IPHONEOS_DEPLOYMENT_TARGET = 15.2;
				MARKETING_VERSION = 1.0;
				PRODUCT_BUNDLE_IDENTIFIER = jiangyue.club.HomeModuleDemoTests;
				PRODUCT_NAME = "$(TARGET_NAME)";
				SWIFT_EMIT_LOC_STRINGS = NO;
				TARGETED_DEVICE_FAMILY = "1,2";
				TEST_HOST = "$(BUILT_PRODUCTS_DIR)/HomeModuleDemo.app/HomeModuleDemo";
			};
			name = Debug;
		};
		FBDA994E27F705BA00B6594B /* Release */ = {
			isa = XCBuildConfiguration;
			buildSettings = {
				BUNDLE_LOADER = "$(TEST_HOST)";
				CODE_SIGN_STYLE = Automatic;
				CURRENT_PROJECT_VERSION = 1;
				DEVELOPMENT_TEAM = 72A9RP4B4U;
				GENERATE_INFOPLIST_FILE = YES;
				IPHONEOS_DEPLOYMENT_TARGET = 15.2;
				MARKETING_VERSION = 1.0;
				PRODUCT_BUNDLE_IDENTIFIER = jiangyue.club.HomeModuleDemoTests;
				PRODUCT_NAME = "$(TARGET_NAME)";
				SWIFT_EMIT_LOC_STRINGS = NO;
				TARGETED_DEVICE_FAMILY = "1,2";
				TEST_HOST = "$(BUILT_PRODUCTS_DIR)/HomeModuleDemo.app/HomeModuleDemo";
			};
			name = Release;
		};
		FBDA995027F705BA00B6594B /* Debug */ = {
			isa = XCBuildConfiguration;
			buildSettings = {
				CODE_SIGN_STYLE = Automatic;
				CURRENT_PROJECT_VERSION = 1;
				DEVELOPMENT_TEAM = 72A9RP4B4U;
				GENERATE_INFOPLIST_FILE = YES;
				MARKETING_VERSION = 1.0;
				PRODUCT_BUNDLE_IDENTIFIER = jiangyue.club.HomeModuleDemoUITests;
				PRODUCT_NAME = "$(TARGET_NAME)";
				SWIFT_EMIT_LOC_STRINGS = NO;
				TARGETED_DEVICE_FAMILY = "1,2";
				TEST_TARGET_NAME = HomeModuleDemo;
			};
			name = Debug;
		};
		FBDA995127F705BA00B6594B /* Release */ = {
			isa = XCBuildConfiguration;
			buildSettings = {
				CODE_SIGN_STYLE = Automatic;
				CURRENT_PROJECT_VERSION = 1;
				DEVELOPMENT_TEAM = 72A9RP4B4U;
				GENERATE_INFOPLIST_FILE = YES;
				MARKETING_VERSION = 1.0;
				PRODUCT_BUNDLE_IDENTIFIER = jiangyue.club.HomeModuleDemoUITests;
				PRODUCT_NAME = "$(TARGET_NAME)";
				SWIFT_EMIT_LOC_STRINGS = NO;
				TARGETED_DEVICE_FAMILY = "1,2";
				TEST_TARGET_NAME = HomeModuleDemo;
			};
			name = Release;
		};
/* End XCBuildConfiguration section */

/* Begin XCConfigurationList section */
		FBDA991527F705B900B6594B /* Build configuration list for PBXProject "HomeModuleDemo" */ = {
			isa = XCConfigurationList;
			buildConfigurations = (
				FBDA994727F705BA00B6594B /* Debug */,
				FBDA994827F705BA00B6594B /* Release */,
			);
			defaultConfigurationIsVisible = 0;
			defaultConfigurationName = Release;
		};
		FBDA994927F705BA00B6594B /* Build configuration list for PBXNativeTarget "HomeModuleDemo" */ = {
			isa = XCConfigurationList;
			buildConfigurations = (
				FBDA994A27F705BA00B6594B /* Debug */,
				FBDA994B27F705BA00B6594B /* Release */,
			);
			defaultConfigurationIsVisible = 0;
			defaultConfigurationName = Release;
		};
		FBDA994C27F705BA00B6594B /* Build configuration list for PBXNativeTarget "HomeModuleDemoTests" */ = {
			isa = XCConfigurationList;
			buildConfigurations = (
				FBDA994D27F705BA00B6594B /* Debug */,
				FBDA994E27F705BA00B6594B /* Release */,
			);
			defaultConfigurationIsVisible = 0;
			defaultConfigurationName = Release;
		};
		FBDA994F27F705BA00B6594B /* Build configuration list for PBXNativeTarget "HomeModuleDemoUITests" */ = {
			isa = XCConfigurationList;
			buildConfigurations = (
				FBDA995027F705BA00B6594B /* Debug */,
				FBDA995127F705BA00B6594B /* Release */,
			);
			defaultConfigurationIsVisible = 0;
			defaultConfigurationName = Release;
		};
/* End XCConfigurationList section */
	};
	rootObject = FBDA991227F705B900B6594B /* Project object */;
}
